# THIS IS AN AUTOGENERATED FILE. DO NOT EDIT THIS FILE DIRECTLY.
# yarn lockfile v1


"@types/node@^16.7.5":
  version "16.7.5"
  resolved "https://registry.npmjs.org/@types/node/-/node-16.7.5.tgz#96142b243977b03d99c338fdb09241d286102711"
  integrity sha512-E7SpxDXoHEpmZ9C1gSqwadhE6zPRtf3g0gJy9Y51DsImnR5TcDs3QEiV/3Q7zOM8LWaZp5Gph71NK6ElVMG1IQ==

commander@^8.1.0:
  version "8.1.0"
  resolved "https://registry.npmjs.org/commander/-/commander-8.1.0.tgz#db36e3e66edf24ff591d639862c6ab2c52664362"
  integrity sha512-mf45ldcuHSYShkplHHGKWb4TrmwQadxOn7v4WuhDJy0ZVoY5JFajaRDKD0PNe5qXzBX0rhovjTnP6Kz9LETcuA==
